// !$*UTF8*$!
{
	archiveVersion = 1;
	classes = {
	};
	objectVersion = 55;
	objects = {

/* Begin PBXBuildFile section */
		650AD3E227AF06D3004D2730 /* mochiApp.swift in Sources */ = {isa = PBXBuildFile; fileRef = 650AD3E127AF06D3004D2730 /* mochiApp.swift */; };
		650AD3E427AF06D3004D2730 /* ContentView.swift in Sources */ = {isa = PBXBuildFile; fileRef = 650AD3E327AF06D3004D2730 /* ContentView.swift */; };
		650AD3E627AF06D6004D2730 /* Assets.xcassets in Resources */ = {isa = PBXBuildFile; fileRef = 650AD3E527AF06D6004D2730 /* Assets.xcassets */; };
		650AD3E927AF06D6004D2730 /* Preview Assets.xcassets in Resources */ = {isa = PBXBuildFile; fileRef = 650AD3E827AF06D6004D2730 /* Preview Assets.xcassets */; };
		650AD3EB27AF06D6004D2730 /* Persistence.swift in Sources */ = {isa = PBXBuildFile; fileRef = 650AD3EA27AF06D6004D2730 /* Persistence.swift */; };
		650AD3EE27AF06D6004D2730 /* mochi.xcdatamodeld in Sources */ = {isa = PBXBuildFile; fileRef = 650AD3EC27AF06D6004D2730 /* mochi.xcdatamodeld */; };
		650AD3F827AF06D6004D2730 /* mochiTests.swift in Sources */ = {isa = PBXBuildFile; fileRef = 650AD3F727AF06D6004D2730 /* mochiTests.swift */; };
		650AD40227AF06D6004D2730 /* mochiUITests.swift in Sources */ = {isa = PBXBuildFile; fileRef = 650AD40127AF06D6004D2730 /* mochiUITests.swift */; };
		650AD40427AF06D6004D2730 /* mochiUITestsLaunchTests.swift in Sources */ = {isa = PBXBuildFile; fileRef = 650AD40327AF06D6004D2730 /* mochiUITestsLaunchTests.swift */; };
/* End PBXBuildFile section */

/* Begin PBXContainerItemProxy section */
		650AD3F427AF06D6004D2730 /* PBXContainerItemProxy */ = {
			isa = PBXContainerItemProxy;
			containerPortal = 650AD3D627AF06D3004D2730 /* Project object */;
			proxyType = 1;
			remoteGlobalIDString = 650AD3DD27AF06D3004D2730;
			remoteInfo = mochi;
		};
		650AD3FE27AF06D6004D2730 /* PBXContainerItemProxy */ = {
			isa = PBXContainerItemProxy;
			containerPortal = 650AD3D627AF06D3004D2730 /* Project object */;
			proxyType = 1;
			remoteGlobalIDString = 650AD3DD27AF06D3004D2730;
			remoteInfo = mochi;
		};
/* End PBXContainerItemProxy section */

/* Begin PBXFileReference section */
		650AD3DE27AF06D3004D2730 /* mochi.app */ = {isa = PBXFileReference; explicitFileType = wrapper.application; includeInIndex = 0; path = mochi.app; sourceTree = BUILT_PRODUCTS_DIR; };
		650AD3E127AF06D3004D2730 /* mochiApp.swift */ = {isa = PBXFileReference; lastKnownFileType = sourcecode.swift; path = mochiApp.swift; sourceTree = "<group>"; };
		650AD3E327AF06D3004D2730 /* ContentView.swift */ = {isa = PBXFileReference; lastKnownFileType = sourcecode.swift; path = ContentView.swift; sourceTree = "<group>"; };
		650AD3E527AF06D6004D2730 /* Assets.xcassets */ = {isa = PBXFileReference; lastKnownFileType = folder.assetcatalog; path = Assets.xcassets; sourceTree = "<group>"; };
		650AD3E827AF06D6004D2730 /* Preview Assets.xcassets */ = {isa = PBXFileReference; lastKnownFileType = folder.assetcatalog; path = "Preview Assets.xcassets"; sourceTree = "<group>"; };
		650AD3EA27AF06D6004D2730 /* Persistence.swift */ = {isa = PBXFileReference; lastKnownFileType = sourcecode.swift; path = Persistence.swift; sourceTree = "<group>"; };
		650AD3ED27AF06D6004D2730 /* mochi.xcdatamodel */ = {isa = PBXFileReference; lastKnownFileType = wrapper.xcdatamodel; path = mochi.xcdatamodel; sourceTree = "<group>"; };
		650AD3F327AF06D6004D2730 /* mochiTests.xctest */ = {isa = PBXFileReference; explicitFileType = wrapper.cfbundle; includeInIndex = 0; path = mochiTests.xctest; sourceTree = BUILT_PRODUCTS_DIR; };
		650AD3F727AF06D6004D2730 /* mochiTests.swift */ = {isa = PBXFileReference; lastKnownFileType = sourcecode.swift; path = mochiTests.swift; sourceTree = "<group>"; };
		650AD3FD27AF06D6004D2730 /* mochiUITests.xctest */ = {isa = PBXFileReference; explicitFileType = wrapper.cfbundle; includeInIndex = 0; path = mochiUITests.xctest; sourceTree = BUILT_PRODUCTS_DIR; };
		650AD40127AF06D6004D2730 /* mochiUITests.swift */ = {isa = PBXFileReference; lastKnownFileType = sourcecode.swift; path = mochiUITests.swift; sourceTree = "<group>"; };
		650AD40327AF06D6004D2730 /* mochiUITestsLaunchTests.swift */ = {isa = PBXFileReference; lastKnownFileType = sourcecode.swift; path = mochiUITestsLaunchTests.swift; sourceTree = "<group>"; };
/* End PBXFileReference section */

/* Begin PBXFrameworksBuildPhase section */
		650AD3DB27AF06D3004D2730 /* Frameworks */ = {
			isa = PBXFrameworksBuildPhase;
			buildActionMask = 2147483647;
			files = (
			);
			runOnlyForDeploymentPostprocessing = 0;
		};
		650AD3F027AF06D6004D2730 /* Frameworks */ = {
			isa = PBXFrameworksBuildPhase;
			buildActionMask = 2147483647;
			files = (
			);
			runOnlyForDeploymentPostprocessing = 0;
		};
		650AD3FA27AF06D6004D2730 /* Frameworks */ = {
			isa = PBXFrameworksBuildPhase;
			buildActionMask = 2147483647;
			files = (
			);
			runOnlyForDeploymentPostprocessing = 0;
		};
/* End PBXFrameworksBuildPhase section */

/* Begin PBXGroup section */
		650AD3D527AF06D3004D2730 = {
			isa = PBXGroup;
			children = (
				650AD3E027AF06D3004D2730 /* mochi */,
				650AD3F627AF06D6004D2730 /* mochiTests */,
				650AD40027AF06D6004D2730 /* mochiUITests */,
				650AD3DF27AF06D3004D2730 /* Products */,
			);
			sourceTree = "<group>";
		};
		650AD3DF27AF06D3004D2730 /* Products */ = {
			isa = PBXGroup;
			children = (
				650AD3DE27AF06D3004D2730 /* mochi.app */,
				650AD3F327AF06D6004D2730 /* mochiTests.xctest */,
				650AD3FD27AF06D6004D2730 /* mochiUITests.xctest */,
			);
			name = Products;
			sourceTree = "<group>";
		};
		650AD3E027AF06D3004D2730 /* mochi */ = {
			isa = PBXGroup;
			children = (
				650AD3E127AF06D3004D2730 /* mochiApp.swift */,
				650AD3E327AF06D3004D2730 /* ContentView.swift */,
				650AD3E527AF06D6004D2730 /* Assets.xcassets */,
				650AD3EA27AF06D6004D2730 /* Persistence.swift */,
				650AD3EC27AF06D6004D2730 /* mochi.xcdatamodeld */,
				650AD3E727AF06D6004D2730 /* Preview Content */,
			);
			path = mochi;
			sourceTree = "<group>";
		};
		650AD3E727AF06D6004D2730 /* Preview Content */ = {
			isa = PBXGroup;
			children = (
				650AD3E827AF06D6004D2730 /* Preview Assets.xcassets */,
			);
			path = "Preview Content";
			sourceTree = "<group>";
		};
		650AD3F627AF06D6004D2730 /* mochiTests */ = {
			isa = PBXGroup;
			children = (
				650AD3F727AF06D6004D2730 /* mochiTests.swift */,
			);
			path = mochiTests;
			sourceTree = "<group>";
		};
		650AD40027AF06D6004D2730 /* mochiUITests */ = {
			isa = PBXGroup;
			children = (
				650AD40127AF06D6004D2730 /* mochiUITests.swift */,
				650AD40327AF06D6004D2730 /* mochiUITestsLaunchTests.swift */,
			);
			path = mochiUITests;
			sourceTree = "<group>";
		};
/* End PBXGroup section */

/* Begin PBXNativeTarget section */
		650AD3DD27AF06D3004D2730 /* mochi */ = {
			isa = PBXNativeTarget;
			buildConfigurationList = 650AD40727AF06D6004D2730 /* Build configuration list for PBXNativeTarget "mochi" */;
			buildPhases = (
				650AD3DA27AF06D3004D2730 /* Sources */,
				650AD3DB27AF06D3004D2730 /* Frameworks */,
				650AD3DC27AF06D3004D2730 /* Resources */,
			);
			buildRules = (
			);
			dependencies = (
			);
			name = mochi;
			productName = mochi;
			productReference = 650AD3DE27AF06D3004D2730 /* mochi.app */;
			productType = "com.apple.product-type.application";
		};
		650AD3F227AF06D6004D2730 /* mochiTests */ = {
			isa = PBXNativeTarget;
			buildConfigurationList = 650AD40A27AF06D6004D2730 /* Build configuration list for PBXNativeTarget "mochiTests" */;
			buildPhases = (
				650AD3EF27AF06D6004D2730 /* Sources */,
				650AD3F027AF06D6004D2730 /* Frameworks */,
				650AD3F127AF06D6004D2730 /* Resources */,
			);
			buildRules = (
			);
			dependencies = (
				650AD3F527AF06D6004D2730 /* PBXTargetDependency */,
			);
			name = mochiTests;
			productName = mochiTests;
			productReference = 650AD3F327AF06D6004D2730 /* mochiTests.xctest */;
			productType = "com.apple.product-type.bundle.unit-test";
		};
		650AD3FC27AF06D6004D2730 /* mochiUITests */ = {
			isa = PBXNativeTarget;
			buildConfigurationList = 650AD40D27AF06D6004D2730 /* Build configuration list for PBXNativeTarget "mochiUITests" */;
			buildPhases = (
				650AD3F927AF06D6004D2730 /* Sources */,
				650AD3FA27AF06D6004D2730 /* Frameworks */,
				650AD3FB27AF06D6004D2730 /* Resources */,
			);
			buildRules = (
			);
			dependencies = (
				650AD3FF27AF06D6004D2730 /* PBXTargetDependency */,
			);
			name = mochiUITests;
			productName = mochiUITests;
			productReference = 650AD3FD27AF06D6004D2730 /* mochiUITests.xctest */;
			productType = "com.apple.product-type.bundle.ui-testing";
		};
/* End PBXNativeTarget section */

/* Begin PBXProject section */
		650AD3D627AF06D3004D2730 /* Project object */ = {
			isa = PBXProject;
			attributes = {
				BuildIndependentTargetsInParallel = 1;
				LastSwiftUpdateCheck = 1320;
				LastUpgradeCheck = 1320;
				TargetAttributes = {
					650AD3DD27AF06D3004D2730 = {
						CreatedOnToolsVersion = 13.2.1;
					};
					650AD3F227AF06D6004D2730 = {
						CreatedOnToolsVersion = 13.2.1;
						TestTargetID = 650AD3DD27AF06D3004D2730;
					};
					650AD3FC27AF06D6004D2730 = {
						CreatedOnToolsVersion = 13.2.1;
						TestTargetID = 650AD3DD27AF06D3004D2730;
					};
				};
			};
			buildConfigurationList = 650AD3D927AF06D3004D2730 /* Build configuration list for PBXProject "mochi" */;
			compatibilityVersion = "Xcode 13.0";
			developmentRegion = en;
			hasScannedForEncodings = 0;
			knownRegions = (
				en,
				Base,
			);
			mainGroup = 650AD3D527AF06D3004D2730;
			productRefGroup = 650AD3DF27AF06D3004D2730 /* Products */;
			projectDirPath = "";
			projectRoot = "";
			targets = (
				650AD3DD27AF06D3004D2730 /* mochi */,
				650AD3F227AF06D6004D2730 /* mochiTests */,
				650AD3FC27AF06D6004D2730 /* mochiUITests */,
			);
		};
/* End PBXProject section */

/* Begin PBXResourcesBuildPhase section */
		650AD3DC27AF06D3004D2730 /* Resources */ = {
			isa = PBXResourcesBuildPhase;
			buildActionMask = 2147483647;
			files = (
				650AD3E927AF06D6004D2730 /* Preview Assets.xcassets in Resources */,
				650AD3E627AF06D6004D2730 /* Assets.xcassets in Resources */,
			);
			runOnlyForDeploymentPostprocessing = 0;
		};
		650AD3F127AF06D6004D2730 /* Resources */ = {
			isa = PBXResourcesBuildPhase;
			buildActionMask = 2147483647;
			files = (
			);
			runOnlyForDeploymentPostprocessing = 0;
		};
		650AD3FB27AF06D6004D2730 /* Resources */ = {
			isa = PBXResourcesBuildPhase;
			buildActionMask = 2147483647;
			files = (
			);
			runOnlyForDeploymentPostprocessing = 0;
		};
/* End PBXResourcesBuildPhase section */

/* Begin PBXSourcesBuildPhase section */
		650AD3DA27AF06D3004D2730 /* Sources */ = {
			isa = PBXSourcesBuildPhase;
			buildActionMask = 2147483647;
			files = (
				650AD3EB27AF06D6004D2730 /* Persistence.swift in Sources */,
				650AD3E427AF06D3004D2730 /* ContentView.swift in Sources */,
				650AD3EE27AF06D6004D2730 /* mochi.xcdatamodeld in Sources */,
				650AD3E227AF06D3004D2730 /* mochiApp.swift in Sources */,
			);
			runOnlyForDeploymentPostprocessing = 0;
		};
		650AD3EF27AF06D6004D2730 /* Sources */ = {
			isa = PBXSourcesBuildPhase;
			buildActionMask = 2147483647;
			files = (
				650AD3F827AF06D6004D2730 /* mochiTests.swift in Sources */,
			);
			runOnlyForDeploymentPostprocessing = 0;
		};
		650AD3F927AF06D6004D2730 /* Sources */ = {
			isa = PBXSourcesBuildPhase;
			buildActionMask = 2147483647;
			files = (
				650AD40227AF06D6004D2730 /* mochiUITests.swift in Sources */,
				650AD40427AF06D6004D2730 /* mochiUITestsLaunchTests.swift in Sources */,
			);
			runOnlyForDeploymentPostprocessing = 0;
		};
/* End PBXSourcesBuildPhase section */

/* Begin PBXTargetDependency section */
		650AD3F527AF06D6004D2730 /* PBXTargetDependency */ = {
			isa = PBXTargetDependency;
			target = 650AD3DD27AF06D3004D2730 /* mochi */;
			targetProxy = 650AD3F427AF06D6004D2730 /* PBXContainerItemProxy */;
		};
		650AD3FF27AF06D6004D2730 /* PBXTargetDependency */ = {
			isa = PBXTargetDependency;
			target = 650AD3DD27AF06D3004D2730 /* mochi */;
			targetProxy = 650AD3FE27AF06D6004D2730 /* PBXContainerItemProxy */;
		};
/* End PBXTargetDependency section */

/* Begin XCBuildConfiguration section */
		650AD40527AF06D6004D2730 /* Debug */ = {
			isa = XCBuildConfiguration;
			buildSettings = {
				ALWAYS_SEARCH_USER_PATHS = NO;
				CLANG_ANALYZER_NONNULL = YES;
				CLANG_ANALYZER_NUMBER_OBJECT_CONVERSION = YES_AGGRESSIVE;
				CLANG_CXX_LANGUAGE_STANDARD = "gnu++17";
				CLANG_CXX_LIBRARY = "libc++";
				CLANG_ENABLE_MODULES = YES;
				CLANG_ENABLE_OBJC_ARC = YES;
				CLANG_ENABLE_OBJC_WEAK = YES;
				CLANG_WARN_BLOCK_CAPTURE_AUTORELEASING = YES;
				CLANG_WARN_BOOL_CONVERSION = YES;
				CLANG_WARN_COMMA = YES;
				CLANG_WARN_CONSTANT_CONVERSION = YES;
				CLANG_WARN_DEPRECATED_OBJC_IMPLEMENTATIONS = YES;
				CLANG_WARN_DIRECT_OBJC_ISA_USAGE = YES_ERROR;
				CLANG_WARN_DOCUMENTATION_COMMENTS = YES;
				CLANG_WARN_EMPTY_BODY = YES;
				CLANG_WARN_ENUM_CONVERSION = YES;
				CLANG_WARN_INFINITE_RECURSION = YES;
				CLANG_WARN_INT_CONVERSION = YES;
				CLANG_WARN_NON_LITERAL_NULL_CONVERSION = YES;
				CLANG_WARN_OBJC_IMPLICIT_RETAIN_SELF = YES;
				CLANG_WARN_OBJC_LITERAL_CONVERSION = YES;
				CLANG_WARN_OBJC_ROOT_CLASS = YES_ERROR;
				CLANG_WARN_QUOTED_INCLUDE_IN_FRAMEWORK_HEADER = YES;
				CLANG_WARN_RANGE_LOOP_ANALYSIS = YES;
				CLANG_WARN_STRICT_PROTOTYPES = YES;
				CLANG_WARN_SUSPICIOUS_MOVE = YES;
				CLANG_WARN_UNGUARDED_AVAILABILITY = YES_AGGRESSIVE;
				CLANG_WARN_UNREACHABLE_CODE = YES;
				CLANG_WARN__DUPLICATE_METHOD_MATCH = YES;
				COPY_PHASE_STRIP = NO;
				DEBUG_INFORMATION_FORMAT = dwarf;
				ENABLE_STRICT_OBJC_MSGSEND = YES;
				ENABLE_TESTABILITY = YES;
				GCC_C_LANGUAGE_STANDARD = gnu11;
				GCC_DYNAMIC_NO_PIC = NO;
				GCC_NO_COMMON_BLOCKS = YES;
				GCC_OPTIMIZATION_LEVEL = 0;
				GCC_PREPROCESSOR_DEFINITIONS = (
					"DEBUG=1",
					"$(inherited)",
				);
				GCC_WARN_64_TO_32_BIT_CONVERSION = YES;
				GCC_WARN_ABOUT_RETURN_TYPE = YES_ERROR;
				GCC_WARN_UNDECLARED_SELECTOR = YES;
				GCC_WARN_UNINITIALIZED_AUTOS = YES_AGGRESSIVE;
				GCC_WARN_UNUSED_FUNCTION = YES;
				GCC_WARN_UNUSED_VARIABLE = YES;
				IPHONEOS_DEPLOYMENT_TARGET = 15.2;
				MTL_ENABLE_DEBUG_INFO = INCLUDE_SOURCE;
				MTL_FAST_MATH = YES;
				ONLY_ACTIVE_ARCH = YES;
				SDKROOT = iphoneos;
				SWIFT_ACTIVE_COMPILATION_CONDITIONS = DEBUG;
				SWIFT_OPTIMIZATION_LEVEL = "-Onone";
			};
			name = Debug;
		};
		650AD40627AF06D6004D2730 /* Release */ = {
			isa = XCBuildConfiguration;
			buildSettings = {
				ALWAYS_SEARCH_USER_PATHS = NO;
				CLANG_ANALYZER_NONNULL = YES;
				CLANG_ANALYZER_NUMBER_OBJECT_CONVERSION = YES_AGGRESSIVE;
				CLANG_CXX_LANGUAGE_STANDARD = "gnu++17";
				CLANG_CXX_LIBRARY = "libc++";
				CLANG_ENABLE_MODULES = YES;
				CLANG_ENABLE_OBJC_ARC = YES;
				CLANG_ENABLE_OBJC_WEAK = YES;
				CLANG_WARN_BLOCK_CAPTURE_AUTORELEASING = YES;
				CLANG_WARN_BOOL_CONVERSION = YES;
				CLANG_WARN_COMMA = YES;
				CLANG_WARN_CONSTANT_CONVERSION = YES;
				CLANG_WARN_DEPRECATED_OBJC_IMPLEMENTATIONS = YES;
				CLANG_WARN_DIRECT_OBJC_ISA_USAGE = YES_ERROR;
				CLANG_WARN_DOCUMENTATION_COMMENTS = YES;
				CLANG_WARN_EMPTY_BODY = YES;
				CLANG_WARN_ENUM_CONVERSION = YES;
				CLANG_WARN_INFINITE_RECURSION = YES;
				CLANG_WARN_INT_CONVERSION = YES;
				CLANG_WARN_NON_LITERAL_NULL_CONVERSION = YES;
				CLANG_WARN_OBJC_IMPLICIT_RETAIN_SELF = YES;
				CLANG_WARN_OBJC_LITERAL_CONVERSION = YES;
				CLANG_WARN_OBJC_ROOT_CLASS = YES_ERROR;
				CLANG_WARN_QUOTED_INCLUDE_IN_FRAMEWORK_HEADER = YES;
				CLANG_WARN_RANGE_LOOP_ANALYSIS = YES;
				CLANG_WARN_STRICT_PROTOTYPES = YES;
				CLANG_WARN_SUSPICIOUS_MOVE = YES;
				CLANG_WARN_UNGUARDED_AVAILABILITY = YES_AGGRESSIVE;
				CLANG_WARN_UNREACHABLE_CODE = YES;
				CLANG_WARN__DUPLICATE_METHOD_MATCH = YES;
				COPY_PHASE_STRIP = NO;
				DEBUG_INFORMATION_FORMAT = "dwarf-with-dsym";
				ENABLE_NS_ASSERTIONS = NO;
				ENABLE_STRICT_OBJC_MSGSEND = YES;
				GCC_C_LANGUAGE_STANDARD = gnu11;
				GCC_NO_COMMON_BLOCKS = YES;
				GCC_WARN_64_TO_32_BIT_CONVERSION = YES;
				GCC_WARN_ABOUT_RETURN_TYPE = YES_ERROR;
				GCC_WARN_UNDECLARED_SELECTOR = YES;
				GCC_WARN_UNINITIALIZED_AUTOS = YES_AGGRESSIVE;
				GCC_WARN_UNUSED_FUNCTION = YES;
				GCC_WARN_UNUSED_VARIABLE = YES;
				IPHONEOS_DEPLOYMENT_TARGET = 15.2;
				MTL_ENABLE_DEBUG_INFO = NO;
				MTL_FAST_MATH = YES;
				SDKROOT = iphoneos;
				SWIFT_COMPILATION_MODE = wholemodule;
				SWIFT_OPTIMIZATION_LEVEL = "-O";
				VALIDATE_PRODUCT = YES;
			};
			name = Release;
		};
		650AD40827AF06D6004D2730 /* Debug */ = {
			isa = XCBuildConfiguration;
			buildSettings = {
				ASSETCATALOG_COMPILER_APPICON_NAME = AppIcon;
				ASSETCATALOG_COMPILER_GLOBAL_ACCENT_COLOR_NAME = AccentColor;
				CODE_SIGN_STYLE = Automatic;
				CURRENT_PROJECT_VERSION = 1;
				DEVELOPMENT_ASSET_PATHS = "\"mochi/Preview Content\"";
				DEVELOPMENT_TEAM = 4VCY9FLMV3;
				ENABLE_PREVIEWS = YES;
				GENERATE_INFOPLIST_FILE = YES;
				INFOPLIST_KEY_UIApplicationSceneManifest_Generation = YES;
				INFOPLIST_KEY_UIApplicationSupportsIndirectInputEvents = YES;
				INFOPLIST_KEY_UILaunchScreen_Generation = YES;
				INFOPLIST_KEY_UISupportedInterfaceOrientations_iPad = "UIInterfaceOrientationPortrait UIInterfaceOrientationPortraitUpsideDown UIInterfaceOrientationLandscapeLeft UIInterfaceOrientationLandscapeRight";
				INFOPLIST_KEY_UISupportedInterfaceOrientations_iPhone = "UIInterfaceOrientationPortrait UIInterfaceOrientationLandscapeLeft UIInterfaceOrientationLandscapeRight";
				LD_RUNPATH_SEARCH_PATHS = (
					"$(inherited)",
					"@executable_path/Frameworks",
				);
				MARKETING_VERSION = 1.0;
				PRODUCT_BUNDLE_IDENTIFIER = org.riceapps.mochi;
				PRODUCT_NAME = "$(TARGET_NAME)";
				SWIFT_EMIT_LOC_STRINGS = YES;
				SWIFT_VERSION = 5.0;
				TARGETED_DEVICE_FAMILY = "1,2";
			};
			name = Debug;
		};
		650AD40927AF06D6004D2730 /* Release */ = {
			isa = XCBuildConfiguration;
			buildSettings = {
				ASSETCATALOG_COMPILER_APPICON_NAME = AppIcon;
				ASSETCATALOG_COMPILER_GLOBAL_ACCENT_COLOR_NAME = AccentColor;
				CODE_SIGN_STYLE = Automatic;
				CURRENT_PROJECT_VERSION = 1;
				DEVELOPMENT_ASSET_PATHS = "\"mochi/Preview Content\"";
				DEVELOPMENT_TEAM = 4VCY9FLMV3;
				ENABLE_PREVIEWS = YES;
				GENERATE_INFOPLIST_FILE = YES;
				INFOPLIST_KEY_UIApplicationSceneManifest_Generation = YES;
				INFOPLIST_KEY_UIApplicationSupportsIndirectInputEvents = YES;
				INFOPLIST_KEY_UILaunchScreen_Generation = YES;
				INFOPLIST_KEY_UISupportedInterfaceOrientations_iPad = "UIInterfaceOrientationPortrait UIInterfaceOrientationPortraitUpsideDown UIInterfaceOrientationLandscapeLeft UIInterfaceOrientationLandscapeRight";
				INFOPLIST_KEY_UISupportedInterfaceOrientations_iPhone = "UIInterfaceOrientationPortrait UIInterfaceOrientationLandscapeLeft UIInterfaceOrientationLandscapeRight";
				LD_RUNPATH_SEARCH_PATHS = (
					"$(inherited)",
					"@executable_path/Frameworks",
				);
				MARKETING_VERSION = 1.0;
				PRODUCT_BUNDLE_IDENTIFIER = org.riceapps.mochi;
				PRODUCT_NAME = "$(TARGET_NAME)";
				SWIFT_EMIT_LOC_STRINGS = YES;
				SWIFT_VERSION = 5.0;
				TARGETED_DEVICE_FAMILY = "1,2";
			};
			name = Release;
		};
		650AD40B27AF06D6004D2730 /* Debug */ = {
			isa = XCBuildConfiguration;
			buildSettings = {
				ALWAYS_EMBED_SWIFT_STANDARD_LIBRARIES = YES;
				BUNDLE_LOADER = "$(TEST_HOST)";
				CODE_SIGN_STYLE = Automatic;
				CURRENT_PROJECT_VERSION = 1;
				DEVELOPMENT_TEAM = 4VCY9FLMV3;
				GENERATE_INFOPLIST_FILE = YES;
				IPHONEOS_DEPLOYMENT_TARGET = 15.2;
				MARKETING_VERSION = 1.0;
				PRODUCT_BUNDLE_IDENTIFIER = org.riceapps.mochiTests;
				PRODUCT_NAME = "$(TARGET_NAME)";
				SWIFT_EMIT_LOC_STRINGS = NO;
				SWIFT_VERSION = 5.0;
				TARGETED_DEVICE_FAMILY = "1,2";
				TEST_HOST = "$(BUILT_PRODUCTS_DIR)/mochi.app/mochi";
			};
			name = Debug;
		};
		650AD40C27AF06D6004D2730 /* Release */ = {
			isa = XCBuildConfiguration;
			buildSettings = {
				ALWAYS_EMBED_SWIFT_STANDARD_LIBRARIES = YES;
				BUNDLE_LOADER = "$(TEST_HOST)";
				CODE_SIGN_STYLE = Automatic;
				CURRENT_PROJECT_VERSION = 1;
				DEVELOPMENT_TEAM = 4VCY9FLMV3;
				GENERATE_INFOPLIST_FILE = YES;
				IPHONEOS_DEPLOYMENT_TARGET = 15.2;
				MARKETING_VERSION = 1.0;
				PRODUCT_BUNDLE_IDENTIFIER = org.riceapps.mochiTests;
				PRODUCT_NAME = "$(TARGET_NAME)";
				SWIFT_EMIT_LOC_STRINGS = NO;
				SWIFT_VERSION = 5.0;
				TARGETED_DEVICE_FAMILY = "1,2";
				TEST_HOST = "$(BUILT_PRODUCTS_DIR)/mochi.app/mochi";
			};
			name = Release;
		};
		650AD40E27AF06D6004D2730 /* Debug */ = {
			isa = XCBuildConfiguration;
			buildSettings = {
				ALWAYS_EMBED_SWIFT_STANDARD_LIBRARIES = YES;
				CODE_SIGN_STYLE = Automatic;
				CURRENT_PROJECT_VERSION = 1;
				DEVELOPMENT_TEAM = 4VCY9FLMV3;
				GENERATE_INFOPLIST_FILE = YES;
				MARKETING_VERSION = 1.0;
				PRODUCT_BUNDLE_IDENTIFIER = org.riceapps.mochiUITests;
				PRODUCT_NAME = "$(TARGET_NAME)";
				SWIFT_EMIT_LOC_STRINGS = NO;
				SWIFT_VERSION = 5.0;
				TARGETED_DEVICE_FAMILY = "1,2";
				TEST_TARGET_NAME = mochi;
			};
			name = Debug;
		};
		650AD40F27AF06D6004D2730 /* Release */ = {
			isa = XCBuildConfiguration;
			buildSettings = {
				ALWAYS_EMBED_SWIFT_STANDARD_LIBRARIES = YES;
				CODE_SIGN_STYLE = Automatic;
				CURRENT_PROJECT_VERSION = 1;
				DEVELOPMENT_TEAM = 4VCY9FLMV3;
				GENERATE_INFOPLIST_FILE = YES;
				MARKETING_VERSION = 1.0;
				PRODUCT_BUNDLE_IDENTIFIER = org.riceapps.mochiUITests;
				PRODUCT_NAME = "$(TARGET_NAME)";
				SWIFT_EMIT_LOC_STRINGS = NO;
				SWIFT_VERSION = 5.0;
				TARGETED_DEVICE_FAMILY = "1,2";
				TEST_TARGET_NAME = mochi;
			};
			name = Release;
		};
/* End XCBuildConfiguration section */

/* Begin XCConfigurationList section */
		650AD3D927AF06D3004D2730 /* Build configuration list for PBXProject "mochi" */ = {
			isa = XCConfigurationList;
			buildConfigurations = (
				650AD40527AF06D6004D2730 /* Debug */,
				650AD40627AF06D6004D2730 /* Release */,
			);
			defaultConfigurationIsVisible = 0;
			defaultConfigurationName = Release;
		};
		650AD40727AF06D6004D2730 /* Build configuration list for PBXNativeTarget "mochi" */ = {
			isa = XCConfigurationList;
			buildConfigurations = (
				650AD40827AF06D6004D2730 /* Debug */,
				650AD40927AF06D6004D2730 /* Release */,
			);
			defaultConfigurationIsVisible = 0;
			defaultConfigurationName = Release;
		};
		650AD40A27AF06D6004D2730 /* Build configuration list for PBXNativeTarget "mochiTests" */ = {
			isa = XCConfigurationList;
			buildConfigurations = (
				650AD40B27AF06D6004D2730 /* Debug */,
				650AD40C27AF06D6004D2730 /* Release */,
			);
			defaultConfigurationIsVisible = 0;
			defaultConfigurationName = Release;
		};
		650AD40D27AF06D6004D2730 /* Build configuration list for PBXNativeTarget "mochiUITests" */ = {
			isa = XCConfigurationList;
			buildConfigurations = (
				650AD40E27AF06D6004D2730 /* Debug */,
				650AD40F27AF06D6004D2730 /* Release */,
			);
			defaultConfigurationIsVisible = 0;
			defaultConfigurationName = Release;
		};
/* End XCConfigurationList section */

/* Begin XCVersionGroup section */
		650AD3EC27AF06D6004D2730 /* mochi.xcdatamodeld */ = {
			isa = XCVersionGroup;
			children = (
				650AD3ED27AF06D6004D2730 /* mochi.xcdatamodel */,
			);
			currentVersion = 650AD3ED27AF06D6004D2730 /* mochi.xcdatamodel */;
			path = mochi.xcdatamodeld;
			sourceTree = "<group>";
			versionGroupType = wrapper.xcdatamodel;
		};
/* End XCVersionGroup section */
	};
	rootObject = 650AD3D627AF06D3004D2730 /* Project object */;
}
